
Microsoft Visual Studio Solution File, Format Version 12.00
# Visual Studio Version 16
VisualStudioVersion = 16.0.32106.194
MinimumVisualStudioVersion = 10.0.40219.1
Project("{FAE04EC0-301F-11D3-BF4B-00C04F79EFBC}") = "AzureAPISample", "AzureAPISample.csproj", "{331EF404-5B91-4D7D-AD3D-0C199323C3CB}"
EndProject
Global
	GlobalSection(SolutionConfigurationPlatforms) = preSolution
		Debug|Any CPU = Debug|Any CPU
		Release|Any CPU = Release|Any CPU
	EndGlobalSection
	GlobalSection(ProjectConfigurationPlatforms) = postSolution
		{331EF404-5B91-4D7D-AD3D-0C199323C3CB}.Debug|Any CPU.ActiveCfg = Debug|Any CPU
		{331EF404-5B91-4D7D-AD3D-0C199323C3CB}.Debug|Any CPU.Build.0 = Debug|Any CPU
		{331EF404-5B91-4D7D-AD3D-0C199323C3CB}.Release|Any CPU.ActiveCfg = Release|Any CPU
		{331EF404-5B91-4D7D-AD3D-0C199323C3CB}.Release|Any CPU.Build.0 = Release|Any CPU
	EndGlobalSection
	GlobalSection(SolutionProperties) = preSolution
		HideSolutionNode = FALSE
	EndGlobalSection
	GlobalSection(ExtensibilityGlobals) = postSolution
		SolutionGuid = {350B2C52-5BD2-4388-A11D-94CB7D2E6C5E}
	EndGlobalSection
EndGlobal
